
Microsoft Visual Studio Solution File, Format Version 12.00
# Visual Studio Version 17
VisualStudioVersion = 17.9.34616.47
MinimumVisualStudioVersion = 10.0.40219.1
Project("{8BC9CEB8-8B4A-11D0-8D11-00A0C91BC942}") = "demo", "demo\demo.vcxproj", "{EFAF6E4B-9165-4FCD-9261-24393B99FB11}"
EndProject
Project("{8BC9CEB8-8B4A-11D0-8D11-00A0C91BC942}") = "demo2", "demo2\demo2.vcxproj", "{5135E237-FB2F-4C9B-B0C3-8E3A6FB49BE3}"
EndProject
Project("{8BC9CEB8-8B4A-11D0-8D11-00A0C91BC942}") = "5-b12", "5-b12\5-b12.vcxproj", "{14A48245-CC55-4DF5-8ACD-9E9B89DBE3F0}"
EndProject
Project("{8BC9CEB8-8B4A-11D0-8D11-00A0C91BC942}") = "90-b2", "90-b2\90-b2.vcxproj", "{D39E322B-34CA-4D2F-8C9B-6777BFB58684}"
EndProject
Project("{8BC9CEB8-8B4A-11D0-8D11-00A0C91BC942}") = "7-b1", "7-b1\7-b1.vcxproj", "{BD2ADFC5-4EE5-46BA-8992-1AC69C39DC5F}"
EndProject
Project("{8BC9CEB8-8B4A-11D0-8D11-00A0C91BC942}") = "7-b2", "7-b2\7-b2.vcxproj", "{D9FE5D4C-96BE-4A3C-902C-6CC23294650C}"
EndProject
Global
	GlobalSection(SolutionConfigurationPlatforms) = preSolution
		Debug|x64 = Debug|x64
		Debug|x86 = Debug|x86
		Release|x64 = Release|x64
		Release|x86 = Release|x86
	EndGlobalSection
	GlobalSection(ProjectConfigurationPlatforms) = postSolution
		{EFAF6E4B-9165-4FCD-9261-24393B99FB11}.Debug|x64.ActiveCfg = Debug|x64
		{EFAF6E4B-9165-4FCD-9261-24393B99FB11}.Debug|x64.Build.0 = Debug|x64
		{EFAF6E4B-9165-4FCD-9261-24393B99FB11}.Debug|x86.ActiveCfg = Debug|Win32
		{EFAF6E4B-9165-4FCD-9261-24393B99FB11}.Debug|x86.Build.0 = Debug|Win32
		{EFAF6E4B-9165-4FCD-9261-24393B99FB11}.Release|x64.ActiveCfg = Release|x64
		{EFAF6E4B-9165-4FCD-9261-24393B99FB11}.Release|x64.Build.0 = Release|x64
		{EFAF6E4B-9165-4FCD-9261-24393B99FB11}.Release|x86.ActiveCfg = Release|Win32
		{EFAF6E4B-9165-4FCD-9261-24393B99FB11}.Release|x86.Build.0 = Release|Win32
		{5135E237-FB2F-4C9B-B0C3-8E3A6FB49BE3}.Debug|x64.ActiveCfg = Debug|x64
		{5135E237-FB2F-4C9B-B0C3-8E3A6FB49BE3}.Debug|x64.Build.0 = Debug|x64
		{5135E237-FB2F-4C9B-B0C3-8E3A6FB49BE3}.Debug|x86.ActiveCfg = Debug|Win32
		{5135E237-FB2F-4C9B-B0C3-8E3A6FB49BE3}.Debug|x86.Build.0 = Debug|Win32
		{5135E237-FB2F-4C9B-B0C3-8E3A6FB49BE3}.Release|x64.ActiveCfg = Release|x64
		{5135E237-FB2F-4C9B-B0C3-8E3A6FB49BE3}.Release|x64.Build.0 = Release|x64
		{5135E237-FB2F-4C9B-B0C3-8E3A6FB49BE3}.Release|x86.ActiveCfg = Release|Win32
		{5135E237-FB2F-4C9B-B0C3-8E3A6FB49BE3}.Release|x86.Build.0 = Release|Win32
		{14A48245-CC55-4DF5-8ACD-9E9B89DBE3F0}.Debug|x64.ActiveCfg = Debug|x64
		{14A48245-CC55-4DF5-8ACD-9E9B89DBE3F0}.Debug|x64.Build.0 = Debug|x64
		{14A48245-CC55-4DF5-8ACD-9E9B89DBE3F0}.Debug|x86.ActiveCfg = Debug|Win32
		{14A48245-CC55-4DF5-8ACD-9E9B89DBE3F0}.Debug|x86.Build.0 = Debug|Win32
		{14A48245-CC55-4DF5-8ACD-9E9B89DBE3F0}.Release|x64.ActiveCfg = Release|x64
		{14A48245-CC55-4DF5-8ACD-9E9B89DBE3F0}.Release|x64.Build.0 = Release|x64
		{14A48245-CC55-4DF5-8ACD-9E9B89DBE3F0}.Release|x86.ActiveCfg = Release|Win32
		{14A48245-CC55-4DF5-8ACD-9E9B89DBE3F0}.Release|x86.Build.0 = Release|Win32
		{D39E322B-34CA-4D2F-8C9B-6777BFB58684}.Debug|x64.ActiveCfg = Debug|x64
		{D39E322B-34CA-4D2F-8C9B-6777BFB58684}.Debug|x64.Build.0 = Debug|x64
		{D39E322B-34CA-4D2F-8C9B-6777BFB58684}.Debug|x86.ActiveCfg = Debug|Win32
		{D39E322B-34CA-4D2F-8C9B-6777BFB58684}.Debug|x86.Build.0 = Debug|Win32
		{D39E322B-34CA-4D2F-8C9B-6777BFB58684}.Release|x64.ActiveCfg = Release|x64
		{D39E322B-34CA-4D2F-8C9B-6777BFB58684}.Release|x64.Build.0 = Release|x64
		{D39E322B-34CA-4D2F-8C9B-6777BFB58684}.Release|x86.ActiveCfg = Release|Win32
		{D39E322B-34CA-4D2F-8C9B-6777BFB58684}.Release|x86.Build.0 = Release|Win32
		{BD2ADFC5-4EE5-46BA-8992-1AC69C39DC5F}.Debug|x64.ActiveCfg = Debug|x64
		{BD2ADFC5-4EE5-46BA-8992-1AC69C39DC5F}.Debug|x64.Build.0 = Debug|x64
		{BD2ADFC5-4EE5-46BA-8992-1AC69C39DC5F}.Debug|x86.ActiveCfg = Debug|Win32
		{BD2ADFC5-4EE5-46BA-8992-1AC69C39DC5F}.Debug|x86.Build.0 = Debug|Win32
		{BD2ADFC5-4EE5-46BA-8992-1AC69C39DC5F}.Release|x64.ActiveCfg = Release|x64
		{BD2ADFC5-4EE5-46BA-8992-1AC69C39DC5F}.Release|x64.Build.0 = Release|x64
		{BD2ADFC5-4EE5-46BA-8992-1AC69C39DC5F}.Release|x86.ActiveCfg = Release|Win32
		{BD2ADFC5-4EE5-46BA-8992-1AC69C39DC5F}.Release|x86.Build.0 = Release|Win32
		{D9FE5D4C-96BE-4A3C-902C-6CC23294650C}.Debug|x64.ActiveCfg = Debug|x64
		{D9FE5D4C-96BE-4A3C-902C-6CC23294650C}.Debug|x64.Build.0 = Debug|x64
		{D9FE5D4C-96BE-4A3C-902C-6CC23294650C}.Debug|x86.ActiveCfg = Debug|Win32
		{D9FE5D4C-96BE-4A3C-902C-6CC23294650C}.Debug|x86.Build.0 = Debug|Win32
		{D9FE5D4C-96BE-4A3C-902C-6CC23294650C}.Release|x64.ActiveCfg = Release|x64
		{D9FE5D4C-96BE-4A3C-902C-6CC23294650C}.Release|x64.Build.0 = Release|x64
		{D9FE5D4C-96BE-4A3C-902C-6CC23294650C}.Release|x86.ActiveCfg = Release|Win32
		{D9FE5D4C-96BE-4A3C-902C-6CC23294650C}.Release|x86.Build.0 = Release|Win32
	EndGlobalSection
	GlobalSection(SolutionProperties) = preSolution
		HideSolutionNode = FALSE
	EndGlobalSection
	GlobalSection(ExtensibilityGlobals) = postSolution
		SolutionGuid = {736BED06-8465-4906-B668-25E48502FFB8}
	EndGlobalSection
EndGlobal
